{
  "version": 4,
  "terraform_version": "1.13.3",
  "serial": 9,
  "lineage": "156659d5-b591-c378-f555-7eab9160900c",
  "outputs": {},
  "resources": [
    {
      "mode": "data",
      "type": "google_client_config",
      "name": "default",
      "provider": "provider[\"registry.terraform.io/hashicorp/google\"]",
      "instances": [
        {
          "schema_version": 0,
          "attributes": {
            "access_token": "ya29.c.c0ASRK0GbUefJvsXnYpUb5XoJH0JJlLsmAbbYDU6PkQPgNJIiOguBA4E9EvUGlsdU8pOyPj1PgplBlGFe_PVdFjcFY-S0l5A150YK42R-BiVRNw6f_HHP2bBKFQrnfLgZTUzTmu0u2zbVEfZwQ-dQseYEF1O_DIkCv4og8lVMWvEVGY3xv0DCRkregvg0xyREVm1elLWCs-5xjTTWoM0VOIl6UfogzsiDDgNGGVttrcN0GmuKryrquA-if4NDRipVrFgFX9lFZ5nfoJqorarv9750sKvVML1KBHafwUlitVKnU7VjGQnZ20yItE-k-J5leDUJHexwMQ8qi_hjm_dCU1ugic4TX3csjdka5aNjowfrHXoImgyxArmeJlgN387Ap6rBrbzx4U0lZR4Fqsz6i55do8B2khjr1v2BozWrpRuVeQbnF1vg00qvcWfUSdMs-sSYw29ba6FzyM4lwt4rcF5g9ph80j_Ihvrc-B1wReQ3lin8U2n75FcJySUvoR50Qvft9Qvi33wQh2Zrr4SyWFk3rRpid1yBfg64reYdRUIqOkR3g-rR-RaYclSv2SUikz4ae8oJM0i_JBaWMZlYo4agUkdI6cYkM6hg68q7WalxX8J63UrphcoY_sVQZ91r8QZtZ9vlxs-VjdUcebnk3wb7_hIRs3par_di62i9bQIsdc_9adUWsF3nMSgYfuuUd5h681jVMr4vQ53RxkqtZqzIO0RerO6VzgOVQk0RyVOfZRI5p-6Y4B6v-uq428dtvo7isSkh559jFYnwIYnF4Vdu_jrdimOqRjsfjdjoJQRni0w0jIyz3FOpF6qqFa8ueFVtY-anj6lW33bj-ldZuFkjOwZf536YzbkyaVq061aYJ_7je4jbUgg5bXwpu0I0eQV7FQU_ip8Rkfv5IuvcstQXqnvUne15_8flVzru1O6Sv1IiuWiWf5QMV5y8sB5j9swvdS1gW9d9bUeWoO2xkkdFeRkrlfBXO7lnytiX7opnfy-nOj4RYJM7",
            "id": "projects/\"ecommerce-backend-1760307199\"/regions/\"us-central1\"/zones/\u003cnull\u003e",
            "project": "ecommerce-backend-1760307199",
            "region": "us-central1",
            "zone": null
          },
          "sensitive_attributes": [
            [
              {
                "type": "get_attr",
                "value": "access_token"
              }
            ]
          ],
          "identity_schema_version": 0
        }
      ]
    },
    {
      "module": "module.networking",
      "mode": "managed",
      "type": "google_compute_firewall",
      "name": "allow_internal",
      "provider": "provider[\"registry.terraform.io/hashicorp/google\"]",
      "instances": [
        {
          "schema_version": 1,
          "attributes": {
            "allow": [
              {
                "ports": [
                  "0-65535"
                ],
                "protocol": "tcp"
              },
              {
                "ports": [
                  "0-65535"
                ],
                "protocol": "udp"
              },
              {
                "ports": [],
                "protocol": "icmp"
              }
            ],
            "creation_timestamp": "2025-10-13T09:21:40.507-07:00",
            "deny": [],
            "description": "",
            "destination_ranges": [],
            "direction": "INGRESS",
            "disabled": false,
            "enable_logging": null,
            "id": "projects/ecommerce-backend-1760307199/global/firewalls/ecommerce-staging-vpc-allow-internal",
            "log_config": [],
            "name": "ecommerce-staging-vpc-allow-internal",
            "network": "https://www.googleapis.com/compute/v1/projects/ecommerce-backend-1760307199/global/networks/ecommerce-staging-vpc",
            "priority": 1000,
            "project": "ecommerce-backend-1760307199",
            "self_link": "https://www.googleapis.com/compute/v1/projects/ecommerce-backend-1760307199/global/firewalls/ecommerce-staging-vpc-allow-internal",
            "source_ranges": [
              "10.20.0.0/24",
              "10.21.0.0/16",
              "10.22.0.0/16"
            ],
            "source_service_accounts": [],
            "source_tags": [],
            "target_service_accounts": [],
            "target_tags": [],
            "timeouts": null
          },
          "sensitive_attributes": [],
          "identity_schema_version": 0,
          "private": "eyJlMmJmYjczMC1lY2FhLTExZTYtOGY4OC0zNDM2M2JjN2M0YzAiOnsiY3JlYXRlIjoxMjAwMDAwMDAwMDAwLCJkZWxldGUiOjEyMDAwMDAwMDAwMDAsInVwZGF0ZSI6MTIwMDAwMDAwMDAwMH0sInNjaGVtYV92ZXJzaW9uIjoiMSJ9",
          "dependencies": [
            "module.networking.google_compute_network.vpc"
          ]
        }
      ]
    },
    {
      "module": "module.networking",
      "mode": "managed",
      "type": "google_compute_firewall",
      "name": "allow_ssh",
      "provider": "provider[\"registry.terraform.io/hashicorp/google\"]",
      "instances": [
        {
          "schema_version": 1,
          "attributes": {
            "allow": [
              {
                "ports": [
                  "22"
                ],
                "protocol": "tcp"
              }
            ],
            "creation_timestamp": "2025-10-13T09:21:40.501-07:00",
            "deny": [],
            "description": "",
            "destination_ranges": [],
            "direction": "INGRESS",
            "disabled": false,
            "enable_logging": null,
            "id": "projects/ecommerce-backend-1760307199/global/firewalls/ecommerce-staging-vpc-allow-ssh",
            "log_config": [],
            "name": "ecommerce-staging-vpc-allow-ssh",
            "network": "https://www.googleapis.com/compute/v1/projects/ecommerce-backend-1760307199/global/networks/ecommerce-staging-vpc",
            "priority": 1000,
            "project": "ecommerce-backend-1760307199",
            "self_link": "https://www.googleapis.com/compute/v1/projects/ecommerce-backend-1760307199/global/firewalls/ecommerce-staging-vpc-allow-ssh",
            "source_ranges": [
              "0.0.0.0/0"
            ],
            "source_service_accounts": [],
            "source_tags": [],
            "target_service_accounts": [],
            "target_tags": [
              "allow-ssh"
            ],
            "timeouts": null
          },
          "sensitive_attributes": [],
          "identity_schema_version": 0,
          "private": "eyJlMmJmYjczMC1lY2FhLTExZTYtOGY4OC0zNDM2M2JjN2M0YzAiOnsiY3JlYXRlIjoxMjAwMDAwMDAwMDAwLCJkZWxldGUiOjEyMDAwMDAwMDAwMDAsInVwZGF0ZSI6MTIwMDAwMDAwMDAwMH0sInNjaGVtYV92ZXJzaW9uIjoiMSJ9",
          "dependencies": [
            "module.networking.google_compute_network.vpc"
          ]
        }
      ]
    },
    {
      "module": "module.networking",
      "mode": "managed",
      "type": "google_compute_network",
      "name": "vpc",
      "provider": "provider[\"registry.terraform.io/hashicorp/google\"]",
      "instances": [
        {
          "schema_version": 0,
          "attributes": {
            "auto_create_subnetworks": false,
            "delete_default_routes_on_create": false,
            "description": "",
            "enable_ula_internal_ipv6": false,
            "gateway_ipv4": "",
            "id": "projects/ecommerce-backend-1760307199/global/networks/ecommerce-staging-vpc",
            "internal_ipv6_range": "",
            "mtu": 0,
            "name": "ecommerce-staging-vpc",
            "network_firewall_policy_enforcement_order": "AFTER_CLASSIC_FIREWALL",
            "project": "ecommerce-backend-1760307199",
            "routing_mode": "REGIONAL",
            "self_link": "https://www.googleapis.com/compute/v1/projects/ecommerce-backend-1760307199/global/networks/ecommerce-staging-vpc",
            "timeouts": null
          },
          "sensitive_attributes": [],
          "identity_schema_version": 0,
          "private": "eyJlMmJmYjczMC1lY2FhLTExZTYtOGY4OC0zNDM2M2JjN2M0YzAiOnsiY3JlYXRlIjoxMjAwMDAwMDAwMDAwLCJkZWxldGUiOjEyMDAwMDAwMDAwMDAsInVwZGF0ZSI6MTIwMDAwMDAwMDAwMH19"
        }
      ]
    }
  ],
  "check_results": [
    {
      "object_kind": "var",
      "config_addr": "module.node_pools.var.node_pools",
      "status": "unknown",
      "objects": null
    }
  ]
}
