{
  "version": 4,
  "terraform_version": "1.13.3",
  "serial": 15,
  "lineage": "19c7142c-9a0f-e580-d315-54d033c5e349",
  "outputs": {
    "cluster_ca_certificate": {
      "value": "LS0tLS1CRUdJTiBDRVJUSUZJQ0FURS0tLS0tCk1JSUVMRENDQXBTZ0F3SUJBZ0lRVGZIOG9XTTVlYTJVdVF2VDlva1Z6akFOQmdrcWhraUc5dzBCQVFzRkFEQXYKTVMwd0t3WURWUVFERXlReFpqa3hOV05tWVMweU1qUXpMVFJtWlRVdFlqRTVOeTAzWlRVMk5UZGxZamM1T1RrdwpJQmNOTWpVeE1ESTNNakkwTlRNeFdoZ1BNakExTlRFd01qQXlNelExTXpGYU1DOHhMVEFyQmdOVkJBTVRKREZtCk9URTFZMlpoTFRJeU5ETXROR1psTlMxaU1UazNMVGRsTlRZMU4yVmlOems1T1RDQ0FhSXdEUVlKS29aSWh2Y04KQVFFQkJRQURnZ0dQQURDQ0FZb0NnZ0dCQU9lUGw1K0kvZVRmOEtDMGJMWVpBZlA5aGV2bExiODJUajNubjBPNQpvVnNTTXhndTNieGNRaFJDdE8vY25OcDhzTEJvM0VPYWNKdDdIM0kxYzV6QVFMNEJLWUJoZEtDTEVMVStwL3dhCkVld216ZnZpWnVwb1hYWjIyOE5hZHRwUzVrS0cxV0lZZ2xNMVRJNTl3SUZuMHNZY1VTMjdIRzhLOHBTbS9USlMKL2x0VTg4S0dKSTVpRUNFS0MrT2o5Mnk3Z3VRR20vQmp5d3FKbnVzWm8wYW4yMFo4TGJLTXFLK3lZZzJTOTI2cgo2bVMvdFdRbmhaejlycUUzRURVcUZSM205WEhHWFY0WmtzZG5nSWdwTHZES0VHRzZZd3UreGV4M2tQYkgvOGVICjlZY1pJb2ZnRW9xcStlbjRIRVFhaHVBM1JEVDVyS3FLMFBoeUZEMTJxTkJzTEtFTnUxWmZpSG9TdXhBSndDZmwKazlDdXZ0elAxMy9saEtGZDhDNXdMTzh4Z0JiZ2VJaEV2K2s0WjltbUtnRy9uSmFSdFdaOHAxdUdhMEdXcytxUQpOajhkWDVEVW5FbXBjeTNzZDVUaGoybW5SYit3TzVya1RMK1RESXA1SDhtK3V5UGl6YVJpZE5wR0dYZHVHZm9iCkdKNFFQd3V3STlJb0EzblNWUjlXaHNTTC9RSURBUUFCbzBJd1FEQU9CZ05WSFE4QkFmOEVCQU1DQWdRd0R3WUQKVlIwVEFRSC9CQVV3QXdFQi96QWRCZ05WSFE0RUZnUVUrdVdDUXU3N3RtZElBTlB0YWlFMVJSdjEzanN3RFFZSgpLb1pJaHZjTkFRRUxCUUFEZ2dHQkFJSFhNcUc3SE56aXQ1azZzQkd4MlpNdjlKT0IwUlZWTGpSaWwwOFVhYk4yCnR2anFyWWdQbk5uWkFkYjUwOXhyN0QzMHIwMjc5b2pYUjdhbjdqY2ZnTUxIbWI4YUp2NVF1bXBmdHQ0bnFZZC8KaS9WNEQrMTdscHEvcXkzMFgwY2lQa3l5K2srSDZnaDdBRWMrREFkVXBWb3pOMkg1NkdMZTdXWVRwRjloU3poOApjKzZKTkVscXZvUS9JZVJDQlYwMGdiSGljVzFCcW4yRlNvbS9sQjc5d0dEWk9UYjR3RERXaXdyNGE2b2UvTUppCjFQU2tyMm4zc0xUMmNDMk16RlhxZ2ZHc0o1M2dIdHhIem5IMFczZmtaV1l1SmYyMVVya1lSNFordnRSN0JLaGUKOUUzVnBaRzAvbEJoZGVjay9zK2YraXBIK0czRTAzSFdiUGgwTGFVQ1Vha0VwMndDN282cTNOalVpZ1ZJSzJlTgo5eDA3Tk9FM2RoM2pMVzNyRThpbXpVMXJrSDNvOExia1M2WG9KYlNUY3MzZ3dJdngzclo5RnFTVnZENWtLTjZWClIzV1J2Sm41MnZZT3U2dndGeXZVd3VjK1B4bWpIbU10YXpRT3pzQ2tPaldOLzl0R2hjaHZLeTBocDVZcWVuS1YKczZmNExkYUF5UFJtbDJDbDkxbzhkZz09Ci0tLS0tRU5EIENFUlRJRklDQVRFLS0tLS0K",
      "type": "string",
      "sensitive": true
    },
    "cluster_endpoint": {
      "value": "35.225.226.249",
      "type": "string",
      "sensitive": true
    },
    "cluster_location": {
      "value": "us-central1",
      "type": "string"
    },
    "cluster_name": {
      "value": "ecommerce-devops-cluster",
      "type": "string"
    },
    "created_namespaces": {
      "value": [
        "production",
        "staging",
        "tools"
      ],
      "type": [
        "tuple",
        [
          "string",
          "string",
          "string"
        ]
      ]
    },
    "environment": {
      "value": "default",
      "type": "string"
    },
    "kubectl_connection_command": {
      "value": "gcloud container clusters get-credentials ecommerce-devops-cluster --region us-central1 --project ecommerce-backend-1760307199",
      "type": "string"
    },
    "network_id": {
      "value": "projects/ecommerce-backend-1760307199/global/networks/ecommerce-devops-vpc",
      "type": "string"
    },
    "network_name": {
      "value": "ecommerce-devops-vpc",
      "type": "string"
    },
    "project_id": {
      "value": "ecommerce-backend-1760307199",
      "type": "string"
    },
    "region": {
      "value": "us-central1",
      "type": "string"
    },
    "subnet_id": {
      "value": "projects/ecommerce-backend-1760307199/regions/us-central1/subnetworks/ecommerce-devops-subnet",
      "type": "string"
    },
    "subnet_name": {
      "value": "ecommerce-devops-subnet",
      "type": "string"
    }
  },
  "resources": [
    {
      "mode": "data",
      "type": "google_container_cluster",
      "name": "primary",
      "provider": "provider[\"registry.terraform.io/hashicorp/google\"]",
      "instances": [
        {
          "schema_version": 0,
          "attributes": {
            "addons_config": [
              {
                "cloudrun_config": [],
                "config_connector_config": [],
                "dns_cache_config": [],
                "gce_persistent_disk_csi_driver_config": [
                  {
                    "enabled": true
                  }
                ],
                "gcp_filestore_csi_driver_config": [],
                "gcs_fuse_csi_driver_config": [],
                "gke_backup_agent_config": [],
                "horizontal_pod_autoscaling": [
                  {
                    "disabled": false
                  }
                ],
                "http_load_balancing": [
                  {
                    "disabled": false
                  }
                ],
                "network_policy_config": [
                  {
                    "disabled": false
                  }
                ],
                "ray_operator_config": [],
                "stateful_ha_config": []
              }
            ],
            "allow_net_admin": null,
            "authenticator_groups_config": [],
            "binary_authorization": [
              {
                "enabled": false,
                "evaluation_mode": ""
              }
            ],
            "cluster_autoscaling": [
              {
                "auto_provisioning_defaults": [],
                "auto_provisioning_locations": [],
                "autoscaling_profile": "BALANCED",
                "enabled": false,
                "resource_limits": []
              }
            ],
            "cluster_ipv4_cidr": "10.21.0.0/16",
            "confidential_nodes": [],
            "cost_management_config": [],
            "database_encryption": [
              {
                "key_name": "",
                "state": "DECRYPTED"
              }
            ],
            "datapath_provider": "",
            "default_max_pods_per_node": 110,
            "default_snat_status": [
              {
                "disabled": false
              }
            ],
            "deletion_protection": null,
            "description": "",
            "dns_config": [],
            "enable_autopilot": false,
            "enable_cilium_clusterwide_network_policy": false,
            "enable_intranode_visibility": false,
            "enable_k8s_beta_apis": [],
            "enable_kubernetes_alpha": false,
            "enable_l4_ilb_subsetting": false,
            "enable_legacy_abac": false,
            "enable_multi_networking": false,
            "enable_shielded_nodes": true,
            "enable_tpu": false,
            "endpoint": "35.225.226.249",
            "fleet": [],
            "gateway_api_config": [],
            "id": "projects/ecommerce-backend-1760307199/locations/us-central1/clusters/ecommerce-devops-cluster",
            "identity_service_config": [],
            "initial_node_count": 1,
            "ip_allocation_policy": [
              {
                "additional_pod_ranges_config": [],
                "cluster_ipv4_cidr_block": "10.21.0.0/16",
                "cluster_secondary_range_name": "pods-range",
                "pod_cidr_overprovision_config": [
                  {
                    "disabled": false
                  }
                ],
                "services_ipv4_cidr_block": "10.22.0.0/20",
                "services_secondary_range_name": "services-range",
                "stack_type": "IPV4"
              }
            ],
            "label_fingerprint": "a9dc16a7",
            "location": "us-central1",
            "logging_config": [
              {
                "enable_components": [
                  "SYSTEM_COMPONENTS",
                  "WORKLOADS"
                ]
              }
            ],
            "logging_service": "logging.googleapis.com/kubernetes",
            "maintenance_policy": [],
            "master_auth": [
              {
                "client_certificate": "",
                "client_certificate_config": [
                  {
                    "issue_client_certificate": false
                  }
                ],
                "client_key": "",
                "cluster_ca_certificate": "LS0tLS1CRUdJTiBDRVJUSUZJQ0FURS0tLS0tCk1JSUVMRENDQXBTZ0F3SUJBZ0lRVGZIOG9XTTVlYTJVdVF2VDlva1Z6akFOQmdrcWhraUc5dzBCQVFzRkFEQXYKTVMwd0t3WURWUVFERXlReFpqa3hOV05tWVMweU1qUXpMVFJtWlRVdFlqRTVOeTAzWlRVMk5UZGxZamM1T1RrdwpJQmNOTWpVeE1ESTNNakkwTlRNeFdoZ1BNakExTlRFd01qQXlNelExTXpGYU1DOHhMVEFyQmdOVkJBTVRKREZtCk9URTFZMlpoTFRJeU5ETXROR1psTlMxaU1UazNMVGRsTlRZMU4yVmlOems1T1RDQ0FhSXdEUVlKS29aSWh2Y04KQVFFQkJRQURnZ0dQQURDQ0FZb0NnZ0dCQU9lUGw1K0kvZVRmOEtDMGJMWVpBZlA5aGV2bExiODJUajNubjBPNQpvVnNTTXhndTNieGNRaFJDdE8vY25OcDhzTEJvM0VPYWNKdDdIM0kxYzV6QVFMNEJLWUJoZEtDTEVMVStwL3dhCkVld216ZnZpWnVwb1hYWjIyOE5hZHRwUzVrS0cxV0lZZ2xNMVRJNTl3SUZuMHNZY1VTMjdIRzhLOHBTbS9USlMKL2x0VTg4S0dKSTVpRUNFS0MrT2o5Mnk3Z3VRR20vQmp5d3FKbnVzWm8wYW4yMFo4TGJLTXFLK3lZZzJTOTI2cgo2bVMvdFdRbmhaejlycUUzRURVcUZSM205WEhHWFY0WmtzZG5nSWdwTHZES0VHRzZZd3UreGV4M2tQYkgvOGVICjlZY1pJb2ZnRW9xcStlbjRIRVFhaHVBM1JEVDVyS3FLMFBoeUZEMTJxTkJzTEtFTnUxWmZpSG9TdXhBSndDZmwKazlDdXZ0elAxMy9saEtGZDhDNXdMTzh4Z0JiZ2VJaEV2K2s0WjltbUtnRy9uSmFSdFdaOHAxdUdhMEdXcytxUQpOajhkWDVEVW5FbXBjeTNzZDVUaGoybW5SYit3TzVya1RMK1RESXA1SDhtK3V5UGl6YVJpZE5wR0dYZHVHZm9iCkdKNFFQd3V3STlJb0EzblNWUjlXaHNTTC9RSURBUUFCbzBJd1FEQU9CZ05WSFE4QkFmOEVCQU1DQWdRd0R3WUQKVlIwVEFRSC9CQVV3QXdFQi96QWRCZ05WSFE0RUZnUVUrdVdDUXU3N3RtZElBTlB0YWlFMVJSdjEzanN3RFFZSgpLb1pJaHZjTkFRRUxCUUFEZ2dHQkFJSFhNcUc3SE56aXQ1azZzQkd4MlpNdjlKT0IwUlZWTGpSaWwwOFVhYk4yCnR2anFyWWdQbk5uWkFkYjUwOXhyN0QzMHIwMjc5b2pYUjdhbjdqY2ZnTUxIbWI4YUp2NVF1bXBmdHQ0bnFZZC8KaS9WNEQrMTdscHEvcXkzMFgwY2lQa3l5K2srSDZnaDdBRWMrREFkVXBWb3pOMkg1NkdMZTdXWVRwRjloU3poOApjKzZKTkVscXZvUS9JZVJDQlYwMGdiSGljVzFCcW4yRlNvbS9sQjc5d0dEWk9UYjR3RERXaXdyNGE2b2UvTUppCjFQU2tyMm4zc0xUMmNDMk16RlhxZ2ZHc0o1M2dIdHhIem5IMFczZmtaV1l1SmYyMVVya1lSNFordnRSN0JLaGUKOUUzVnBaRzAvbEJoZGVjay9zK2YraXBIK0czRTAzSFdiUGgwTGFVQ1Vha0VwMndDN282cTNOalVpZ1ZJSzJlTgo5eDA3Tk9FM2RoM2pMVzNyRThpbXpVMXJrSDNvOExia1M2WG9KYlNUY3MzZ3dJdngzclo5RnFTVnZENWtLTjZWClIzV1J2Sm41MnZZT3U2dndGeXZVd3VjK1B4bWpIbU10YXpRT3pzQ2tPaldOLzl0R2hjaHZLeTBocDVZcWVuS1YKczZmNExkYUF5UFJtbDJDbDkxbzhkZz09Ci0tLS0tRU5EIENFUlRJRklDQVRFLS0tLS0K"
              }
            ],
            "master_authorized_networks_config": [],
            "master_version": "1.32.9-gke.1207000",
            "mesh_certificates": [],
            "min_master_version": null,
            "monitoring_config": [
              {
                "advanced_datapath_observability_config": [
                  {
                    "enable_metrics": false,
                    "enable_relay": false,
                    "relay_mode": "DISABLED"
                  }
                ],
                "enable_components": [
                  "SYSTEM_COMPONENTS",
                  "DEPLOYMENT",
                  "STATEFULSET",
                  "JOBSET",
                  "STORAGE",
                  "HPA",
                  "POD",
                  "DAEMONSET",
                  "CADVISOR",
                  "KUBELET",
                  "DCGM"
                ],
                "managed_prometheus": [
                  {
                    "enabled": true
                  }
                ]
              }
            ],
            "monitoring_service": "monitoring.googleapis.com/kubernetes",
            "name": "ecommerce-devops-cluster",
            "network": "projects/ecommerce-backend-1760307199/global/networks/ecommerce-devops-vpc",
            "network_policy": [
              {
                "enabled": true,
                "provider": ""
              }
            ],
            "networking_mode": "VPC_NATIVE",
            "node_config": [],
            "node_locations": [
              "us-central1-c"
            ],
            "node_pool": [],
            "node_pool_auto_config": [
              {
                "network_tags": [],
                "node_kubelet_config": [
                  {
                    "insecure_kubelet_readonly_port_enabled": "FALSE"
                  }
                ],
                "resource_manager_tags": {}
              }
            ],
            "node_pool_defaults": [
              {
                "node_config_defaults": [
                  {
                    "containerd_config": [],
                    "insecure_kubelet_readonly_port_enabled": "FALSE",
                    "logging_variant": "DEFAULT"
                  }
                ]
              }
            ],
            "node_version": "1.32.9-gke.1207000",
            "notification_config": [
              {
                "pubsub": [
                  {
                    "enabled": false,
                    "filter": [],
                    "topic": ""
                  }
                ]
              }
            ],
            "operation": null,
            "private_cluster_config": [
              {
                "enable_private_endpoint": false,
                "enable_private_nodes": true,
                "master_global_access_config": [
                  {
                    "enabled": false
                  }
                ],
                "master_ipv4_cidr_block": "172.16.0.0/28",
                "peering_name": "",
                "private_endpoint": "172.16.0.2",
                "private_endpoint_subnetwork": "",
                "public_endpoint": "35.225.226.249"
              }
            ],
            "private_ipv6_google_access": "",
            "project": "ecommerce-backend-1760307199",
            "release_channel": [
              {
                "channel": "UNSPECIFIED"
              }
            ],
            "remove_default_node_pool": null,
            "resource_labels": {},
            "resource_usage_export_config": [],
            "security_posture_config": [
              {
                "mode": "BASIC",
                "vulnerability_mode": "VULNERABILITY_MODE_UNSPECIFIED"
              }
            ],
            "self_link": "https://container.googleapis.com/v1/projects/ecommerce-backend-1760307199/locations/us-central1/clusters/ecommerce-devops-cluster",
            "service_external_ips_config": [
              {
                "enabled": false
              }
            ],
            "services_ipv4_cidr": "10.22.0.0/20",
            "subnetwork": "projects/ecommerce-backend-1760307199/regions/us-central1/subnetworks/ecommerce-devops-subnet",
            "tpu_ipv4_cidr_block": "",
            "vertical_pod_autoscaling": [],
            "workload_identity_config": [
              {
                "workload_pool": "ecommerce-backend-1760307199.svc.id.goog"
              }
            ]
          },
          "sensitive_attributes": [],
          "identity_schema_version": 0
        }
      ]
    },
    {
      "module": "module.cluster",
      "mode": "data",
      "type": "google_container_engine_versions",
      "name": "gke_version",
      "provider": "provider[\"registry.terraform.io/hashicorp/google\"]",
      "instances": [
        {
          "schema_version": 0,
          "attributes": {
            "default_cluster_version": "1.33.5-gke.1125000",
            "id": "2025-10-27 23:45:32.702256176 +0000 UTC",
            "latest_master_version": "1.32.9-gke.1207000",
            "latest_node_version": "1.32.9-gke.1207000",
            "location": "us-central1",
            "project": null,
            "release_channel_default_version": {
              "EXTENDED": "1.33.5-gke.1125000",
              "RAPID": "1.34.0-gke.2201000",
              "REGULAR": "1.33.5-gke.1125000",
              "STABLE": "1.33.4-gke.1350000"
            },
            "release_channel_latest_version": {
              "EXTENDED": "1.32.9-gke.1108000",
              "RAPID": "1.32.9-gke.1207000",
              "REGULAR": "1.32.9-gke.1108000",
              "STABLE": "1.32.9-gke.1072000"
            },
            "valid_master_versions": [
              "1.32.9-gke.1207000",
              "1.32.9-gke.1130000",
              "1.32.9-gke.1108000",
              "1.32.9-gke.1092000",
              "1.32.9-gke.1072000",
              "1.32.9-gke.1010000"
            ],
            "valid_node_versions": [
              "1.32.9-gke.1207000",
              "1.32.9-gke.1130000",
              "1.32.9-gke.1108000",
              "1.32.9-gke.1092000",
              "1.32.9-gke.1072000",
              "1.32.9-gke.1010000",
              "1.32.8-gke.1170000",
              "1.32.8-gke.1134000",
              "1.32.8-gke.1108000",
              "1.32.8-gke.1026000",
              "1.32.8-gke.1005000",
              "1.32.7-gke.1079000",
              "1.32.7-gke.1016000",
              "1.32.6-gke.1125000",
              "1.32.6-gke.1096000",
              "1.32.6-gke.1060000",
              "1.32.6-gke.1025000",
              "1.32.6-gke.1013000",
              "1.32.4-gke.1767000",
              "1.32.4-gke.1698000",
              "1.32.4-gke.1603000",
              "1.32.4-gke.1533000",
              "1.32.4-gke.1415001",
              "1.32.4-gke.1415000",
              "1.32.4-gke.1353003",
              "1.32.4-gke.1353001",
              "1.32.4-gke.1353000",
              "1.32.4-gke.1236007",
              "1.32.4-gke.1236006",
              "1.32.4-gke.1236000",
              "1.32.4-gke.1106006",
              "1.32.4-gke.1106000",
              "1.32.3-gke.1927009",
              "1.32.3-gke.1927002",
              "1.32.3-gke.1927000",
              "1.32.3-gke.1785003",
              "1.32.3-gke.1785000",
              "1.32.3-gke.1717000",
              "1.32.3-gke.1440000",
              "1.32.3-gke.1170000",
              "1.32.3-gke.1057001",
              "1.32.2-gke.1652003",
              "1.32.2-gke.1652000",
              "1.32.2-gke.1400003",
              "1.32.2-gke.1400001",
              "1.32.2-gke.1297002",
              "1.32.2-gke.1297001",
              "1.32.2-gke.1297000",
              "1.32.2-gke.1182003",
              "1.32.2-gke.1182002",
              "1.32.2-gke.1182001",
              "1.32.2-gke.1182000",
              "1.32.1-gke.1729000",
              "1.32.1-gke.1489001",
              "1.32.1-gke.1357001",
              "1.32.1-gke.1200003"
            ],
            "version_prefix": "1.32."
          },
          "sensitive_attributes": [],
          "identity_schema_version": 0
        }
      ]
    },
    {
      "module": "module.cluster",
      "mode": "managed",
      "type": "google_container_cluster",
      "name": "primary",
      "provider": "provider[\"registry.terraform.io/hashicorp/google\"]",
      "instances": [
        {
          "schema_version": 2,
          "attributes": {
            "addons_config": [
              {
                "cloudrun_config": [],
                "config_connector_config": [],
                "dns_cache_config": [],
                "gce_persistent_disk_csi_driver_config": [
                  {
                    "enabled": true
                  }
                ],
                "gcp_filestore_csi_driver_config": [],
                "gcs_fuse_csi_driver_config": [],
                "gke_backup_agent_config": [],
                "horizontal_pod_autoscaling": [
                  {
                    "disabled": false
                  }
                ],
                "http_load_balancing": [
                  {
                    "disabled": false
                  }
                ],
                "network_policy_config": [
                  {
                    "disabled": false
                  }
                ],
                "ray_operator_config": [],
                "stateful_ha_config": []
              }
            ],
            "allow_net_admin": null,
            "authenticator_groups_config": [],
            "binary_authorization": [
              {
                "enabled": false,
                "evaluation_mode": ""
              }
            ],
            "cluster_autoscaling": [
              {
                "auto_provisioning_defaults": [],
                "auto_provisioning_locations": [],
                "autoscaling_profile": "BALANCED",
                "enabled": false,
                "resource_limits": []
              }
            ],
            "cluster_ipv4_cidr": "10.21.0.0/16",
            "confidential_nodes": [],
            "cost_management_config": [],
            "database_encryption": [
              {
                "key_name": "",
                "state": "DECRYPTED"
              }
            ],
            "datapath_provider": "",
            "default_max_pods_per_node": 110,
            "default_snat_status": [
              {
                "disabled": false
              }
            ],
            "deletion_protection": false,
            "description": "",
            "dns_config": [],
            "enable_autopilot": false,
            "enable_cilium_clusterwide_network_policy": false,
            "enable_intranode_visibility": false,
            "enable_k8s_beta_apis": [],
            "enable_kubernetes_alpha": false,
            "enable_l4_ilb_subsetting": false,
            "enable_legacy_abac": false,
            "enable_multi_networking": false,
            "enable_shielded_nodes": true,
            "enable_tpu": false,
            "endpoint": "35.225.226.249",
            "fleet": [],
            "gateway_api_config": [],
            "id": "projects/ecommerce-backend-1760307199/locations/us-central1/clusters/ecommerce-devops-cluster",
            "identity_service_config": [],
            "initial_node_count": 1,
            "ip_allocation_policy": [
              {
                "additional_pod_ranges_config": [],
                "cluster_ipv4_cidr_block": "10.21.0.0/16",
                "cluster_secondary_range_name": "pods-range",
                "pod_cidr_overprovision_config": [
                  {
                    "disabled": false
                  }
                ],
                "services_ipv4_cidr_block": "10.22.0.0/20",
                "services_secondary_range_name": "services-range",
                "stack_type": "IPV4"
              }
            ],
            "label_fingerprint": "a9dc16a7",
            "location": "us-central1",
            "logging_config": [
              {
                "enable_components": [
                  "SYSTEM_COMPONENTS",
                  "WORKLOADS"
                ]
              }
            ],
            "logging_service": "logging.googleapis.com/kubernetes",
            "maintenance_policy": [],
            "master_auth": [
              {
                "client_certificate": "",
                "client_certificate_config": [
                  {
                    "issue_client_certificate": false
                  }
                ],
                "client_key": "",
                "cluster_ca_certificate": "LS0tLS1CRUdJTiBDRVJUSUZJQ0FURS0tLS0tCk1JSUVMRENDQXBTZ0F3SUJBZ0lRVGZIOG9XTTVlYTJVdVF2VDlva1Z6akFOQmdrcWhraUc5dzBCQVFzRkFEQXYKTVMwd0t3WURWUVFERXlReFpqa3hOV05tWVMweU1qUXpMVFJtWlRVdFlqRTVOeTAzWlRVMk5UZGxZamM1T1RrdwpJQmNOTWpVeE1ESTNNakkwTlRNeFdoZ1BNakExTlRFd01qQXlNelExTXpGYU1DOHhMVEFyQmdOVkJBTVRKREZtCk9URTFZMlpoTFRJeU5ETXROR1psTlMxaU1UazNMVGRsTlRZMU4yVmlOems1T1RDQ0FhSXdEUVlKS29aSWh2Y04KQVFFQkJRQURnZ0dQQURDQ0FZb0NnZ0dCQU9lUGw1K0kvZVRmOEtDMGJMWVpBZlA5aGV2bExiODJUajNubjBPNQpvVnNTTXhndTNieGNRaFJDdE8vY25OcDhzTEJvM0VPYWNKdDdIM0kxYzV6QVFMNEJLWUJoZEtDTEVMVStwL3dhCkVld216ZnZpWnVwb1hYWjIyOE5hZHRwUzVrS0cxV0lZZ2xNMVRJNTl3SUZuMHNZY1VTMjdIRzhLOHBTbS9USlMKL2x0VTg4S0dKSTVpRUNFS0MrT2o5Mnk3Z3VRR20vQmp5d3FKbnVzWm8wYW4yMFo4TGJLTXFLK3lZZzJTOTI2cgo2bVMvdFdRbmhaejlycUUzRURVcUZSM205WEhHWFY0WmtzZG5nSWdwTHZES0VHRzZZd3UreGV4M2tQYkgvOGVICjlZY1pJb2ZnRW9xcStlbjRIRVFhaHVBM1JEVDVyS3FLMFBoeUZEMTJxTkJzTEtFTnUxWmZpSG9TdXhBSndDZmwKazlDdXZ0elAxMy9saEtGZDhDNXdMTzh4Z0JiZ2VJaEV2K2s0WjltbUtnRy9uSmFSdFdaOHAxdUdhMEdXcytxUQpOajhkWDVEVW5FbXBjeTNzZDVUaGoybW5SYit3TzVya1RMK1RESXA1SDhtK3V5UGl6YVJpZE5wR0dYZHVHZm9iCkdKNFFQd3V3STlJb0EzblNWUjlXaHNTTC9RSURBUUFCbzBJd1FEQU9CZ05WSFE4QkFmOEVCQU1DQWdRd0R3WUQKVlIwVEFRSC9CQVV3QXdFQi96QWRCZ05WSFE0RUZnUVUrdVdDUXU3N3RtZElBTlB0YWlFMVJSdjEzanN3RFFZSgpLb1pJaHZjTkFRRUxCUUFEZ2dHQkFJSFhNcUc3SE56aXQ1azZzQkd4MlpNdjlKT0IwUlZWTGpSaWwwOFVhYk4yCnR2anFyWWdQbk5uWkFkYjUwOXhyN0QzMHIwMjc5b2pYUjdhbjdqY2ZnTUxIbWI4YUp2NVF1bXBmdHQ0bnFZZC8KaS9WNEQrMTdscHEvcXkzMFgwY2lQa3l5K2srSDZnaDdBRWMrREFkVXBWb3pOMkg1NkdMZTdXWVRwRjloU3poOApjKzZKTkVscXZvUS9JZVJDQlYwMGdiSGljVzFCcW4yRlNvbS9sQjc5d0dEWk9UYjR3RERXaXdyNGE2b2UvTUppCjFQU2tyMm4zc0xUMmNDMk16RlhxZ2ZHc0o1M2dIdHhIem5IMFczZmtaV1l1SmYyMVVya1lSNFordnRSN0JLaGUKOUUzVnBaRzAvbEJoZGVjay9zK2YraXBIK0czRTAzSFdiUGgwTGFVQ1Vha0VwMndDN282cTNOalVpZ1ZJSzJlTgo5eDA3Tk9FM2RoM2pMVzNyRThpbXpVMXJrSDNvOExia1M2WG9KYlNUY3MzZ3dJdngzclo5RnFTVnZENWtLTjZWClIzV1J2Sm41MnZZT3U2dndGeXZVd3VjK1B4bWpIbU10YXpRT3pzQ2tPaldOLzl0R2hjaHZLeTBocDVZcWVuS1YKczZmNExkYUF5UFJtbDJDbDkxbzhkZz09Ci0tLS0tRU5EIENFUlRJRklDQVRFLS0tLS0K"
              }
            ],
            "master_authorized_networks_config": [],
            "master_version": "1.32.9-gke.1207000",
            "mesh_certificates": [],
            "min_master_version": "1.32.9-gke.1207000",
            "monitoring_config": [
              {
                "advanced_datapath_observability_config": [
                  {
                    "enable_metrics": false,
                    "enable_relay": false,
                    "relay_mode": "DISABLED"
                  }
                ],
                "enable_components": [
                  "SYSTEM_COMPONENTS",
                  "DEPLOYMENT",
                  "STATEFULSET",
                  "JOBSET",
                  "STORAGE",
                  "HPA",
                  "POD",
                  "DAEMONSET",
                  "CADVISOR",
                  "KUBELET",
                  "DCGM"
                ],
                "managed_prometheus": [
                  {
                    "enabled": true
                  }
                ]
              }
            ],
            "monitoring_service": "monitoring.googleapis.com/kubernetes",
            "name": "ecommerce-devops-cluster",
            "network": "projects/ecommerce-backend-1760307199/global/networks/ecommerce-devops-vpc",
            "network_policy": [
              {
                "enabled": true,
                "provider": ""
              }
            ],
            "networking_mode": "VPC_NATIVE",
            "node_config": [],
            "node_locations": [
              "us-central1-c"
            ],
            "node_pool": [],
            "node_pool_auto_config": [
              {
                "network_tags": [],
                "node_kubelet_config": [
                  {
                    "insecure_kubelet_readonly_port_enabled": "FALSE"
                  }
                ],
                "resource_manager_tags": {}
              }
            ],
            "node_pool_defaults": [
              {
                "node_config_defaults": [
                  {
                    "containerd_config": [],
                    "insecure_kubelet_readonly_port_enabled": "FALSE",
                    "logging_variant": "DEFAULT"
                  }
                ]
              }
            ],
            "node_version": "1.32.9-gke.1207000",
            "notification_config": [
              {
                "pubsub": [
                  {
                    "enabled": false,
                    "filter": [],
                    "topic": ""
                  }
                ]
              }
            ],
            "operation": null,
            "private_cluster_config": [
              {
                "enable_private_endpoint": false,
                "enable_private_nodes": true,
                "master_global_access_config": [
                  {
                    "enabled": false
                  }
                ],
                "master_ipv4_cidr_block": "172.16.0.0/28",
                "peering_name": "",
                "private_endpoint": "172.16.0.2",
                "private_endpoint_subnetwork": "",
                "public_endpoint": "35.225.226.249"
              }
            ],
            "private_ipv6_google_access": "",
            "project": "ecommerce-backend-1760307199",
            "release_channel": [
              {
                "channel": "UNSPECIFIED"
              }
            ],
            "remove_default_node_pool": true,
            "resource_labels": null,
            "resource_usage_export_config": [],
            "security_posture_config": [
              {
                "mode": "BASIC",
                "vulnerability_mode": "VULNERABILITY_MODE_UNSPECIFIED"
              }
            ],
            "self_link": "https://container.googleapis.com/v1/projects/ecommerce-backend-1760307199/locations/us-central1/clusters/ecommerce-devops-cluster",
            "service_external_ips_config": [
              {
                "enabled": false
              }
            ],
            "services_ipv4_cidr": "10.22.0.0/20",
            "subnetwork": "projects/ecommerce-backend-1760307199/regions/us-central1/subnetworks/ecommerce-devops-subnet",
            "timeouts": null,
            "tpu_ipv4_cidr_block": "",
            "vertical_pod_autoscaling": [],
            "workload_identity_config": [
              {
                "workload_pool": "ecommerce-backend-1760307199.svc.id.goog"
              }
            ]
          },
          "sensitive_attributes": [
            [
              {
                "type": "get_attr",
                "value": "master_auth"
              },
              {
                "type": "index",
                "value": {
                  "value": 0,
                  "type": "number"
                }
              },
              {
                "type": "get_attr",
                "value": "client_key"
              }
            ]
          ],
          "identity_schema_version": 0,
          "private": "eyJlMmJmYjczMC1lY2FhLTExZTYtOGY4OC0zNDM2M2JjN2M0YzAiOnsiY3JlYXRlIjoyNDAwMDAwMDAwMDAwLCJkZWxldGUiOjI0MDAwMDAwMDAwMDAsInJlYWQiOjI0MDAwMDAwMDAwMDAsInVwZGF0ZSI6MzYwMDAwMDAwMDAwMH0sInNjaGVtYV92ZXJzaW9uIjoiMiJ9",
          "dependencies": [
            "module.cluster.data.google_container_engine_versions.gke_version",
            "module.networking.google_compute_firewall.allow_internal",
            "module.networking.google_compute_firewall.allow_ssh",
            "module.networking.google_compute_network.vpc",
            "module.networking.google_compute_router.nat_router",
            "module.networking.google_compute_router_nat.nat_gateway",
            "module.networking.google_compute_subnetwork.subnet"
          ]
        }
      ]
    },
    {
      "module": "module.networking",
      "mode": "managed",
      "type": "google_compute_firewall",
      "name": "allow_internal",
      "provider": "provider[\"registry.terraform.io/hashicorp/google\"]",
      "instances": [
        {
          "schema_version": 1,
          "attributes": {
            "allow": [
              {
                "ports": [
                  "0-65535"
                ],
                "protocol": "tcp"
              },
              {
                "ports": [
                  "0-65535"
                ],
                "protocol": "udp"
              },
              {
                "ports": [],
                "protocol": "icmp"
              }
            ],
            "creation_timestamp": "2025-10-27T16:45:04.613-07:00",
            "deny": [],
            "description": "",
            "destination_ranges": [],
            "direction": "INGRESS",
            "disabled": false,
            "enable_logging": null,
            "id": "projects/ecommerce-backend-1760307199/global/firewalls/ecommerce-devops-vpc-allow-internal",
            "log_config": [],
            "name": "ecommerce-devops-vpc-allow-internal",
            "network": "https://www.googleapis.com/compute/v1/projects/ecommerce-backend-1760307199/global/networks/ecommerce-devops-vpc",
            "priority": 1000,
            "project": "ecommerce-backend-1760307199",
            "self_link": "https://www.googleapis.com/compute/v1/projects/ecommerce-backend-1760307199/global/firewalls/ecommerce-devops-vpc-allow-internal",
            "source_ranges": [
              "10.20.0.0/20",
              "10.21.0.0/16",
              "10.22.0.0/20"
            ],
            "source_service_accounts": null,
            "source_tags": null,
            "target_service_accounts": null,
            "target_tags": null,
            "timeouts": null
          },
          "sensitive_attributes": [],
          "identity_schema_version": 0,
          "private": "eyJlMmJmYjczMC1lY2FhLTExZTYtOGY4OC0zNDM2M2JjN2M0YzAiOnsiY3JlYXRlIjoxMjAwMDAwMDAwMDAwLCJkZWxldGUiOjEyMDAwMDAwMDAwMDAsInVwZGF0ZSI6MTIwMDAwMDAwMDAwMH0sInNjaGVtYV92ZXJzaW9uIjoiMSJ9",
          "dependencies": [
            "module.networking.google_compute_network.vpc"
          ]
        }
      ]
    },
    {
      "module": "module.networking",
      "mode": "managed",
      "type": "google_compute_firewall",
      "name": "allow_ssh",
      "provider": "provider[\"registry.terraform.io/hashicorp/google\"]",
      "instances": [
        {
          "schema_version": 1,
          "attributes": {
            "allow": [
              {
                "ports": [
                  "22"
                ],
                "protocol": "tcp"
              }
            ],
            "creation_timestamp": "2025-10-27T16:45:04.702-07:00",
            "deny": [],
            "description": "",
            "destination_ranges": [],
            "direction": "INGRESS",
            "disabled": false,
            "enable_logging": null,
            "id": "projects/ecommerce-backend-1760307199/global/firewalls/ecommerce-devops-vpc-allow-ssh",
            "log_config": [],
            "name": "ecommerce-devops-vpc-allow-ssh",
            "network": "https://www.googleapis.com/compute/v1/projects/ecommerce-backend-1760307199/global/networks/ecommerce-devops-vpc",
            "priority": 1000,
            "project": "ecommerce-backend-1760307199",
            "self_link": "https://www.googleapis.com/compute/v1/projects/ecommerce-backend-1760307199/global/firewalls/ecommerce-devops-vpc-allow-ssh",
            "source_ranges": [
              "0.0.0.0/0"
            ],
            "source_service_accounts": null,
            "source_tags": null,
            "target_service_accounts": null,
            "target_tags": [
              "allow-ssh"
            ],
            "timeouts": null
          },
          "sensitive_attributes": [],
          "identity_schema_version": 0,
          "private": "eyJlMmJmYjczMC1lY2FhLTExZTYtOGY4OC0zNDM2M2JjN2M0YzAiOnsiY3JlYXRlIjoxMjAwMDAwMDAwMDAwLCJkZWxldGUiOjEyMDAwMDAwMDAwMDAsInVwZGF0ZSI6MTIwMDAwMDAwMDAwMH0sInNjaGVtYV92ZXJzaW9uIjoiMSJ9",
          "dependencies": [
            "module.networking.google_compute_network.vpc"
          ]
        }
      ]
    },
    {
      "module": "module.networking",
      "mode": "managed",
      "type": "google_compute_network",
      "name": "vpc",
      "provider": "provider[\"registry.terraform.io/hashicorp/google\"]",
      "instances": [
        {
          "schema_version": 0,
          "attributes": {
            "auto_create_subnetworks": false,
            "delete_default_routes_on_create": false,
            "description": "",
            "enable_ula_internal_ipv6": false,
            "gateway_ipv4": "",
            "id": "projects/ecommerce-backend-1760307199/global/networks/ecommerce-devops-vpc",
            "internal_ipv6_range": "",
            "mtu": 0,
            "name": "ecommerce-devops-vpc",
            "network_firewall_policy_enforcement_order": "AFTER_CLASSIC_FIREWALL",
            "numeric_id": "7009571451186298116",
            "project": "ecommerce-backend-1760307199",
            "routing_mode": "REGIONAL",
            "self_link": "https://www.googleapis.com/compute/v1/projects/ecommerce-backend-1760307199/global/networks/ecommerce-devops-vpc",
            "timeouts": null
          },
          "sensitive_attributes": [],
          "identity_schema_version": 0,
          "private": "eyJlMmJmYjczMC1lY2FhLTExZTYtOGY4OC0zNDM2M2JjN2M0YzAiOnsiY3JlYXRlIjoxMjAwMDAwMDAwMDAwLCJkZWxldGUiOjEyMDAwMDAwMDAwMDAsInVwZGF0ZSI6MTIwMDAwMDAwMDAwMH19"
        }
      ]
    },
    {
      "module": "module.networking",
      "mode": "managed",
      "type": "google_compute_router",
      "name": "nat_router",
      "provider": "provider[\"registry.terraform.io/hashicorp/google\"]",
      "instances": [
        {
          "schema_version": 0,
          "attributes": {
            "bgp": [],
            "creation_timestamp": "2025-10-27T16:45:04.824-07:00",
            "description": "",
            "encrypted_interconnect_router": false,
            "id": "projects/ecommerce-backend-1760307199/regions/us-central1/routers/ecommerce-devops-vpc-nat-router",
            "name": "ecommerce-devops-vpc-nat-router",
            "network": "https://www.googleapis.com/compute/v1/projects/ecommerce-backend-1760307199/global/networks/ecommerce-devops-vpc",
            "project": "ecommerce-backend-1760307199",
            "region": "us-central1",
            "self_link": "https://www.googleapis.com/compute/v1/projects/ecommerce-backend-1760307199/regions/us-central1/routers/ecommerce-devops-vpc-nat-router",
            "timeouts": null
          },
          "sensitive_attributes": [],
          "identity_schema_version": 0,
          "private": "eyJlMmJmYjczMC1lY2FhLTExZTYtOGY4OC0zNDM2M2JjN2M0YzAiOnsiY3JlYXRlIjoxMjAwMDAwMDAwMDAwLCJkZWxldGUiOjEyMDAwMDAwMDAwMDAsInVwZGF0ZSI6MTIwMDAwMDAwMDAwMH19",
          "dependencies": [
            "module.networking.google_compute_network.vpc"
          ]
        }
      ]
    },
    {
      "module": "module.networking",
      "mode": "managed",
      "type": "google_compute_router_nat",
      "name": "nat_gateway",
      "provider": "provider[\"registry.terraform.io/hashicorp/google\"]",
      "instances": [
        {
          "schema_version": 0,
          "attributes": {
            "auto_network_tier": "PREMIUM",
            "drain_nat_ips": null,
            "enable_dynamic_port_allocation": false,
            "enable_endpoint_independent_mapping": false,
            "endpoint_types": [
              "ENDPOINT_TYPE_VM"
            ],
            "icmp_idle_timeout_sec": 30,
            "id": "ecommerce-backend-1760307199/us-central1/ecommerce-devops-vpc-nat-router/ecommerce-devops-vpc-nat-gateway",
            "log_config": [
              {
                "enable": true,
                "filter": "ERRORS_ONLY"
              }
            ],
            "max_ports_per_vm": 0,
            "min_ports_per_vm": 0,
            "name": "ecommerce-devops-vpc-nat-gateway",
            "nat_ip_allocate_option": "AUTO_ONLY",
            "nat_ips": null,
            "project": "ecommerce-backend-1760307199",
            "region": "us-central1",
            "router": "ecommerce-devops-vpc-nat-router",
            "rules": [],
            "source_subnetwork_ip_ranges_to_nat": "ALL_SUBNETWORKS_ALL_IP_RANGES",
            "subnetwork": [],
            "tcp_established_idle_timeout_sec": 1200,
            "tcp_time_wait_timeout_sec": 120,
            "tcp_transitory_idle_timeout_sec": 30,
            "timeouts": null,
            "udp_idle_timeout_sec": 30
          },
          "sensitive_attributes": [],
          "identity_schema_version": 0,
          "private": "eyJlMmJmYjczMC1lY2FhLTExZTYtOGY4OC0zNDM2M2JjN2M0YzAiOnsiY3JlYXRlIjoxMjAwMDAwMDAwMDAwLCJkZWxldGUiOjEyMDAwMDAwMDAwMDAsInVwZGF0ZSI6MTIwMDAwMDAwMDAwMH19",
          "dependencies": [
            "module.networking.google_compute_network.vpc",
            "module.networking.google_compute_router.nat_router"
          ]
        }
      ]
    },
    {
      "module": "module.networking",
      "mode": "managed",
      "type": "google_compute_subnetwork",
      "name": "subnet",
      "provider": "provider[\"registry.terraform.io/hashicorp/google\"]",
      "instances": [
        {
          "schema_version": 0,
          "attributes": {
            "creation_timestamp": "2025-10-27T16:45:04.876-07:00",
            "description": "",
            "external_ipv6_prefix": "",
            "fingerprint": null,
            "gateway_address": "10.20.0.1",
            "id": "projects/ecommerce-backend-1760307199/regions/us-central1/subnetworks/ecommerce-devops-subnet",
            "internal_ipv6_prefix": "",
            "ip_cidr_range": "10.20.0.0/20",
            "ipv6_access_type": "",
            "ipv6_cidr_range": "",
            "log_config": [],
            "name": "ecommerce-devops-subnet",
            "network": "https://www.googleapis.com/compute/v1/projects/ecommerce-backend-1760307199/global/networks/ecommerce-devops-vpc",
            "private_ip_google_access": true,
            "private_ipv6_google_access": "DISABLE_GOOGLE_ACCESS",
            "project": "ecommerce-backend-1760307199",
            "purpose": "PRIVATE",
            "region": "us-central1",
            "role": "",
            "secondary_ip_range": [
              {
                "ip_cidr_range": "10.21.0.0/16",
                "range_name": "pods-range"
              },
              {
                "ip_cidr_range": "10.22.0.0/20",
                "range_name": "services-range"
              }
            ],
            "self_link": "https://www.googleapis.com/compute/v1/projects/ecommerce-backend-1760307199/regions/us-central1/subnetworks/ecommerce-devops-subnet",
            "send_secondary_ip_range_if_empty": null,
            "stack_type": "IPV4_ONLY",
            "timeouts": null
          },
          "sensitive_attributes": [],
          "identity_schema_version": 0,
          "private": "eyJlMmJmYjczMC1lY2FhLTExZTYtOGY4OC0zNDM2M2JjN2M0YzAiOnsiY3JlYXRlIjoxMjAwMDAwMDAwMDAwLCJkZWxldGUiOjEyMDAwMDAwMDAwMDAsInVwZGF0ZSI6MTIwMDAwMDAwMDAwMH19",
          "dependencies": [
            "module.networking.google_compute_network.vpc"
          ]
        }
      ]
    },
    {
      "module": "module.node_pools",
      "mode": "managed",
      "type": "google_container_node_pool",
      "name": "node_pools",
      "provider": "provider[\"registry.terraform.io/hashicorp/google\"]",
      "instances": [
        {
          "index_key": "general-pool",
          "schema_version": 1,
          "attributes": {
            "autoscaling": [],
            "cluster": "ecommerce-devops-cluster",
            "id": "projects/ecommerce-backend-1760307199/locations/us-central1/clusters/ecommerce-devops-cluster/nodePools/general-pool-pool",
            "initial_node_count": 4,
            "instance_group_urls": [
              "https://www.googleapis.com/compute/v1/projects/ecommerce-backend-1760307199/zones/us-central1-c/instanceGroupManagers/gke-ecommerce-devops-general-pool-poo-d16e28bd-grp"
            ],
            "location": "us-central1",
            "managed_instance_group_urls": [
              "https://www.googleapis.com/compute/v1/projects/ecommerce-backend-1760307199/zones/us-central1-c/instanceGroups/gke-ecommerce-devops-general-pool-poo-d16e28bd-grp"
            ],
            "management": [
              {
                "auto_repair": true,
                "auto_upgrade": false
              }
            ],
            "max_pods_per_node": 110,
            "name": "general-pool-pool",
            "name_prefix": "",
            "network_config": [
              {
                "additional_node_network_configs": [],
                "additional_pod_network_configs": [],
                "create_pod_range": false,
                "enable_private_nodes": true,
                "network_performance_config": [],
                "pod_cidr_overprovision_config": [],
                "pod_ipv4_cidr_block": "10.21.0.0/16",
                "pod_range": "pods-range"
              }
            ],
            "node_config": [
              {
                "advanced_machine_features": [],
                "boot_disk_kms_key": "",
                "confidential_nodes": [],
                "containerd_config": [],
                "disk_size_gb": 30,
                "disk_type": "pd-standard",
                "effective_taints": [],
                "enable_confidential_storage": false,
                "ephemeral_storage_local_ssd_config": [],
                "fast_socket": [],
                "gcfs_config": [],
                "guest_accelerator": [],
                "gvnic": [],
                "host_maintenance_policy": [],
                "image_type": "COS_CONTAINERD",
                "kubelet_config": [
                  {
                    "cpu_cfs_quota": false,
                    "cpu_cfs_quota_period": "",
                    "cpu_manager_policy": "",
                    "insecure_kubelet_readonly_port_enabled": "FALSE",
                    "pod_pids_limit": 0
                  }
                ],
                "labels": {
                  "env": "ecommerce-backend-1760307199",
                  "role": "general-pool"
                },
                "linux_node_config": [],
                "local_nvme_ssd_block_config": [],
                "local_ssd_count": 0,
                "logging_variant": "DEFAULT",
                "machine_type": "e2-standard-2",
                "metadata": {
                  "disable-legacy-endpoints": "true"
                },
                "min_cpu_platform": "",
                "node_group": "",
                "oauth_scopes": [
                  "https://www.googleapis.com/auth/cloud-platform",
                  "https://www.googleapis.com/auth/logging.write",
                  "https://www.googleapis.com/auth/monitoring"
                ],
                "preemptible": false,
                "reservation_affinity": [],
                "resource_labels": {
                  "goog-gke-node-pool-provisioning-model": "on-demand"
                },
                "resource_manager_tags": null,
                "secondary_boot_disks": [],
                "service_account": "default",
                "shielded_instance_config": [
                  {
                    "enable_integrity_monitoring": true,
                    "enable_secure_boot": true
                  }
                ],
                "sole_tenant_config": [],
                "spot": false,
                "tags": [
                  "gke-node",
                  "ecommerce-backend-1760307199-gke",
                  "gke-general-pool-pool"
                ],
                "taint": [],
                "workload_metadata_config": [
                  {
                    "mode": "GKE_METADATA"
                  }
                ]
              }
            ],
            "node_count": 4,
            "node_locations": [
              "us-central1-c"
            ],
            "operation": null,
            "placement_policy": [],
            "project": "ecommerce-backend-1760307199",
            "queued_provisioning": [],
            "timeouts": null,
            "upgrade_settings": [
              {
                "blue_green_settings": [],
                "max_surge": 1,
                "max_unavailable": 0,
                "strategy": "SURGE"
              }
            ],
            "version": "1.32.9-gke.1207000"
          },
          "sensitive_attributes": [],
          "identity_schema_version": 0,
          "private": "eyJlMmJmYjczMC1lY2FhLTExZTYtOGY4OC0zNDM2M2JjN2M0YzAiOnsiY3JlYXRlIjoxODAwMDAwMDAwMDAwLCJkZWxldGUiOjE4MDAwMDAwMDAwMDAsInVwZGF0ZSI6MTgwMDAwMDAwMDAwMH0sInNjaGVtYV92ZXJzaW9uIjoiMSJ9",
          "dependencies": [
            "module.cluster.data.google_container_engine_versions.gke_version",
            "module.cluster.google_container_cluster.primary",
            "module.networking.google_compute_firewall.allow_internal",
            "module.networking.google_compute_firewall.allow_ssh",
            "module.networking.google_compute_network.vpc",
            "module.networking.google_compute_router.nat_router",
            "module.networking.google_compute_router_nat.nat_gateway",
            "module.networking.google_compute_subnetwork.subnet"
          ]
        }
      ]
    }
  ],
  "check_results": [
    {
      "object_kind": "var",
      "config_addr": "module.node_pools.var.node_pools",
      "status": "pass",
      "objects": [
        {
          "object_addr": "module.node_pools.var.node_pools",
          "status": "pass"
        }
      ]
    }
  ]
}
